
Microsoft Visual Studio Solution File, Format Version 12.00
# Visual Studio Version 17
VisualStudioVersion = 17.0.32014.148
MinimumVisualStudioVersion = 10.0.40219.1
Project("{FAE04EC0-301F-11D3-BF4B-00C04F79EFBC}") = "CustomIOCContainer", "CustomIOCContainer\CustomIOCContainer.csproj", "{A3B0A98C-A22D-4FE6-8150-5BEEECDD5B26}"
EndProject
Project("{2150E333-8FDC-42A3-9474-1A3956D46DE8}") = "Solution Items", "Solution Items", "{10F633D1-3DCE-4A66-9233-BEF2354B73F8}"
	ProjectSection(SolutionItems) = preProject
		.editorconfig = .editorconfig
	EndProjectSection
EndProject
Global
	GlobalSection(SolutionConfigurationPlatforms) = preSolution
		Debug|Any CPU = Debug|Any CPU
		Release|Any CPU = Release|Any CPU
	EndGlobalSection
	GlobalSection(ProjectConfigurationPlatforms) = postSolution
		{A3B0A98C-A22D-4FE6-8150-5BEEECDD5B26}.Debug|Any CPU.ActiveCfg = Debug|Any CPU
		{A3B0A98C-A22D-4FE6-8150-5BEEECDD5B26}.Debug|Any CPU.Build.0 = Debug|Any CPU
		{A3B0A98C-A22D-4FE6-8150-5BEEECDD5B26}.Release|Any CPU.ActiveCfg = Release|Any CPU
		{A3B0A98C-A22D-4FE6-8150-5BEEECDD5B26}.Release|Any CPU.Build.0 = Release|Any CPU
	EndGlobalSection
	GlobalSection(SolutionProperties) = preSolution
		HideSolutionNode = FALSE
	EndGlobalSection
	GlobalSection(ExtensibilityGlobals) = postSolution
		SolutionGuid = {DAEF77BC-ED64-4C6E-AAD2-7E543427CDE4}
	EndGlobalSection
EndGlobal
